
Microsoft Visual Studio Solution File, Format Version 12.00
# Visual Studio Version 16
VisualStudioVersion = 16.0.29521.150
MinimumVisualStudioVersion = 10.0.40219.1
Project("{FAE04EC0-301F-11D3-BF4B-00C04F79EFBC}") = "PLANES", "PLANES\PLANES.csproj", "{7322F64F-532C-41BE-8C47-C30440D8D953}"
EndProject
Global
	GlobalSection(SolutionConfigurationPlatforms) = preSolution
		Debug|Any CPU = Debug|Any CPU
		Release|Any CPU = Release|Any CPU
	EndGlobalSection
	GlobalSection(ProjectConfigurationPlatforms) = postSolution
		{7322F64F-532C-41BE-8C47-C30440D8D953}.Debug|Any CPU.ActiveCfg = Debug|Any CPU
		{7322F64F-532C-41BE-8C47-C30440D8D953}.Debug|Any CPU.Build.0 = Debug|Any CPU
		{7322F64F-532C-41BE-8C47-C30440D8D953}.Release|Any CPU.ActiveCfg = Release|Any CPU
		{7322F64F-532C-41BE-8C47-C30440D8D953}.Release|Any CPU.Build.0 = Release|Any CPU
	EndGlobalSection
	GlobalSection(SolutionProperties) = preSolution
		HideSolutionNode = FALSE
	EndGlobalSection
	GlobalSection(ExtensibilityGlobals) = postSolution
		SolutionGuid = {913A6633-0691-459D-AAE7-F5501374A347}
	EndGlobalSection
EndGlobal
